
Microsoft Visual Studio Solution File, Format Version 12.00
# Visual Studio 15
VisualStudioVersion = 15.0.27428.2027
MinimumVisualStudioVersion = 10.0.40219.1
Project("{8BC9CEB8-8B4A-11D0-8D11-00A0C91BC942}") = "NgMath", "NgMath\NgMath.vcxproj", "{F71F55E2-E37E-49CB-A2FB-4A042EDC6F45}"
EndProject
Global
	GlobalSection(SolutionConfigurationPlatforms) = preSolution
		Debug|x64 = Debug|x64
		Debug|x86 = Debug|x86
		Release|x64 = Release|x64
		Release|x86 = Release|x86
	EndGlobalSection
	GlobalSection(ProjectConfigurationPlatforms) = postSolution
		{F71F55E2-E37E-49CB-A2FB-4A042EDC6F45}.Debug|x64.ActiveCfg = Debug|x64
		{F71F55E2-E37E-49CB-A2FB-4A042EDC6F45}.Debug|x64.Build.0 = Debug|x64
		{F71F55E2-E37E-49CB-A2FB-4A042EDC6F45}.Debug|x86.ActiveCfg = Debug|Win32
		{F71F55E2-E37E-49CB-A2FB-4A042EDC6F45}.Debug|x86.Build.0 = Debug|Win32
		{F71F55E2-E37E-49CB-A2FB-4A042EDC6F45}.Release|x64.ActiveCfg = Release|x64
		{F71F55E2-E37E-49CB-A2FB-4A042EDC6F45}.Release|x64.Build.0 = Release|x64
		{F71F55E2-E37E-49CB-A2FB-4A042EDC6F45}.Release|x86.ActiveCfg = Release|Win32
		{F71F55E2-E37E-49CB-A2FB-4A042EDC6F45}.Release|x86.Build.0 = Release|Win32
	EndGlobalSection
	GlobalSection(SolutionProperties) = preSolution
		HideSolutionNode = FALSE
	EndGlobalSection
	GlobalSection(ExtensibilityGlobals) = postSolution
		SolutionGuid = {C228BF70-A835-44BB-ABCF-11E93AA66B20}
	EndGlobalSection
EndGlobal
