<?xml version="1.0" encoding="utf-8"?>
<Project ToolsVersion="4.0" xmlns="http://schemas.microsoft.com/developer/msbuild/2003">
  <ItemGroup>
    <Filter Include="Source Files">
      <UniqueIdentifier>{4FC737F1-C7A5-4376-A066-2A32D752A2FF}</UniqueIdentifier>
      <Extensions>cpp;c;cc;cxx;def;odl;idl;hpj;bat;asm;asmx</Extensions>
    </Filter>
    <Filter Include="Header Files">
      <UniqueIdentifier>{93995380-89BD-4b04-88EB-625FBE52EBFB}</UniqueIdentifier>
      <Extensions>h;hh;hpp;hxx;hm;inl;inc;ipp;xsd</Extensions>
    </Filter>
    <Filter Include="Resource Files">
      <UniqueIdentifier>{67DA6AB6-F800-4c08-8B7A-83BB121AAD01}</UniqueIdentifier>
      <Extensions>rc;ico;cur;bmp;dlg;rc2;rct;bin;rgs;gif;jpg;jpeg;jpe;resx;tiff;tif;png;wav;mfcribbon-ms</Extensions>
    </Filter>
  </ItemGroup>
  <ItemGroup>
    <ClCompile Include="src\dyn_mat.cpp">
      <Filter>Source Files</Filter>
    </ClCompile>
    <ClCompile Include="src\dyn_vec.cpp">
      <Filter>Source Files</Filter>
    </ClCompile>
    <ClCompile Include="src\fft.cpp">
      <Filter>Source Files</Filter>
    </ClCompile>
    <ClCompile Include="src\mat4f.cpp">
      <Filter>Source Files</Filter>
    </ClCompile>
    <ClCompile Include="src\plane.cpp">
      <Filter>Source Files</Filter>
    </ClCompile>
    <ClCompile Include="src\quaternion.cpp">
      <Filter>Source Files</Filter>
    </ClCompile>
    <ClCompile Include="src\vec2f.cpp">
      <Filter>Source Files</Filter>
    </ClCompile>
    <ClCompile Include="src\vec3f.cpp">
      <Filter>Source Files</Filter>
    </ClCompile>
    <ClCompile Include="src\vec3i.cpp">
      <Filter>Source Files</Filter>
    </ClCompile>
    <ClCompile Include="src\vec3s.cpp">
      <Filter>Source Files</Filter>
    </ClCompile>
    <ClCompile Include="src\vec4f.cpp">
      <Filter>Source Files</Filter>
    </ClCompile>
    <ClCompile Include="main_math.cpp" />
  </ItemGroup>
  <ItemGroup>
    <ClInclude Include="src\dyn_mat.h">
      <Filter>Header Files</Filter>
    </ClInclude>
    <ClInclude Include="src\dyn_vec.h">
      <Filter>Header Files</Filter>
    </ClInclude>
    <ClInclude Include="src\fft.h">
      <Filter>Header Files</Filter>
    </ClInclude>
    <ClInclude Include="src\hash_functions.h">
      <Filter>Header Files</Filter>
    </ClInclude>
    <ClInclude Include="src\mat4f.h">
      <Filter>Header Files</Filter>
    </ClInclude>
    <ClInclude Include="src\mathdef.h">
      <Filter>Header Files</Filter>
    </ClInclude>
    <ClInclude Include="src\plane.h">
      <Filter>Header Files</Filter>
    </ClInclude>
    <ClInclude Include="src\quaternion.h">
      <Filter>Header Files</Filter>
    </ClInclude>
    <ClInclude Include="src\vec2f.h">
      <Filter>Header Files</Filter>
    </ClInclude>
    <ClInclude Include="src\vec3f.h">
      <Filter>Header Files</Filter>
    </ClInclude>
    <ClInclude Include="src\vec3i.h">
      <Filter>Header Files</Filter>
    </ClInclude>
    <ClInclude Include="src\vec3s.h">
      <Filter>Header Files</Filter>
    </ClInclude>
    <ClInclude Include="src\vec4f.h">
      <Filter>Header Files</Filter>
    </ClInclude>
  </ItemGroup>
</Project>